
Microsoft Visual Studio Solution File, Format Version 12.00
# Visual Studio 15
VisualStudioVersion = 15.0.28307.489
MinimumVisualStudioVersion = 10.0.40219.1
Project("{FAE04EC0-301F-11D3-BF4B-00C04F79EFBC}") = "Defensa", "Defensa\Defensa.csproj", "{889F7185-E611-4749-BC8E-8082F7058D02}"
EndProject
Global
	GlobalSection(SolutionConfigurationPlatforms) = preSolution
		Debug|Any CPU = Debug|Any CPU
		Release|Any CPU = Release|Any CPU
	EndGlobalSection
	GlobalSection(ProjectConfigurationPlatforms) = postSolution
		{889F7185-E611-4749-BC8E-8082F7058D02}.Debug|Any CPU.ActiveCfg = Debug|Any CPU
		{889F7185-E611-4749-BC8E-8082F7058D02}.Debug|Any CPU.Build.0 = Debug|Any CPU
		{889F7185-E611-4749-BC8E-8082F7058D02}.Release|Any CPU.ActiveCfg = Release|Any CPU
		{889F7185-E611-4749-BC8E-8082F7058D02}.Release|Any CPU.Build.0 = Release|Any CPU
	EndGlobalSection
	GlobalSection(SolutionProperties) = preSolution
		HideSolutionNode = FALSE
	EndGlobalSection
	GlobalSection(ExtensibilityGlobals) = postSolution
		SolutionGuid = {5F4F0546-5521-46FE-AD86-F7F24C484950}
	EndGlobalSection
EndGlobal
